
Microsoft Visual Studio Solution File, Format Version 12.00
# Visual Studio Version 17
VisualStudioVersion = 17.4.33015.44
MinimumVisualStudioVersion = 10.0.40219.1
Project("{9A19103F-16F7-4668-BE54-9A1E7A4F7556}") = "FancyMouse", "FancyMouse\FancyMouse.csproj", "{EFE2A257-6979-4067-99A7-0C762492A8C7}"
EndProject
Project("{2150E333-8FDC-42A3-9474-1A3956D46DE8}") = ".github", ".github", "{49E13F75-3D64-4529-B0AA-55DFE69795FB}"
EndProject
Project("{2150E333-8FDC-42A3-9474-1A3956D46DE8}") = "workflows", "workflows", "{C92998B2-2E21-4DA8-A73D-ADE970C87F25}"
	ProjectSection(SolutionItems) = preProject
		..\.github\workflows\01_build_test_publish.yaml = ..\.github\workflows\01_build_test_publish.yaml
		..\.github\workflows\02_codeql.yaml = ..\.github\workflows\02_codeql.yaml
	EndProjectSection
EndProject
Project("{9A19103F-16F7-4668-BE54-9A1E7A4F7556}") = "FancyMouse.Common", "FancyMouse.Common\FancyMouse.Common.csproj", "{1BBB9184-2ECA-465A-A990-C15A6A60BA0F}"
EndProject
Project("{9A19103F-16F7-4668-BE54-9A1E7A4F7556}") = "FancyMouse.HotKeys", "FancyMouse.HotKeys\FancyMouse.HotKeys.csproj", "{F15EA282-EE90-4F18-B1DB-DC9309CE0CA3}"
EndProject
Project("{9A19103F-16F7-4668-BE54-9A1E7A4F7556}") = "FancyMouse.Settings", "FancyMouse.Settings\FancyMouse.Settings.csproj", "{88ABCB98-3494-4B18-81B1-6C7A419DD369}"
EndProject
Project("{9A19103F-16F7-4668-BE54-9A1E7A4F7556}") = "FancyMouse.Common.UnitTests", "FancyMouse.Common.UnitTests\FancyMouse.Common.UnitTests.csproj", "{74C3F6B7-8333-49CE-8701-3CAB48CC1FEF}"
EndProject
Project("{9A19103F-16F7-4668-BE54-9A1E7A4F7556}") = "FancyMouse.HotKeys.UnitTests", "FancyMouse.HotKeys.UnitTests\FancyMouse.HotKeys.UnitTests.csproj", "{DB015689-4BF8-479C-9168-A93C6A76AE6C}"
EndProject
Project("{9A19103F-16F7-4668-BE54-9A1E7A4F7556}") = "FancyMouse.Settings.UnitTests", "FancyMouse.Settings.UnitTests\FancyMouse.Settings.UnitTests.csproj", "{E2822B3F-B07D-4E41-9A39-41E23F8EC058}"
EndProject
Project("{2150E333-8FDC-42A3-9474-1A3956D46DE8}") = "UnitTests", "UnitTests", "{CDF25995-93DB-430F-9DA8-D77778CD8439}"
EndProject
Project("{2150E333-8FDC-42A3-9474-1A3956D46DE8}") = "Libraries", "Libraries", "{ECE2017E-843D-40C8-BAA4-DC0B5BAE0CAB}"
EndProject
Project("{FAE04EC0-301F-11D3-BF4B-00C04F79EFBC}") = "FancyMouse.Models", "FancyMouse.Models\FancyMouse.Models.csproj", "{9C265FA2-1830-5978-A6EA-A9F5AD477F5A}"
EndProject
Project("{FAE04EC0-301F-11D3-BF4B-00C04F79EFBC}") = "FancyMouse.Models.UnitTests", "FancyMouse.Models.UnitTests\FancyMouse.Models.UnitTests.csproj", "{5D2A14E7-F870-4169-AB57-E708CF6F44D5}"
EndProject
Project("{FAE04EC0-301F-11D3-BF4B-00C04F79EFBC}") = "FancyMouse.WinUI3", "FancyMouse.WinUI3\FancyMouse.WinUI3\FancyMouse.WinUI3.csproj", "{6F573335-3BB0-448C-B606-4895B2195EC1}"
EndProject
Global
	GlobalSection(SolutionConfigurationPlatforms) = preSolution
		Debug|Any CPU = Debug|Any CPU
		Debug|ARM64 = Debug|ARM64
		Debug|x64 = Debug|x64
		Debug|x86 = Debug|x86
		Release|Any CPU = Release|Any CPU
		Release|ARM64 = Release|ARM64
		Release|x64 = Release|x64
		Release|x86 = Release|x86
	EndGlobalSection
	GlobalSection(ProjectConfigurationPlatforms) = postSolution
		{EFE2A257-6979-4067-99A7-0C762492A8C7}.Debug|Any CPU.ActiveCfg = Debug|Any CPU
		{EFE2A257-6979-4067-99A7-0C762492A8C7}.Debug|Any CPU.Build.0 = Debug|Any CPU
		{EFE2A257-6979-4067-99A7-0C762492A8C7}.Debug|ARM64.ActiveCfg = Debug|Any CPU
		{EFE2A257-6979-4067-99A7-0C762492A8C7}.Debug|ARM64.Build.0 = Debug|Any CPU
		{EFE2A257-6979-4067-99A7-0C762492A8C7}.Debug|x64.ActiveCfg = Debug|Any CPU
		{EFE2A257-6979-4067-99A7-0C762492A8C7}.Debug|x64.Build.0 = Debug|Any CPU
		{EFE2A257-6979-4067-99A7-0C762492A8C7}.Debug|x86.ActiveCfg = Debug|Any CPU
		{EFE2A257-6979-4067-99A7-0C762492A8C7}.Debug|x86.Build.0 = Debug|Any CPU
		{EFE2A257-6979-4067-99A7-0C762492A8C7}.Release|Any CPU.ActiveCfg = Release|Any CPU
		{EFE2A257-6979-4067-99A7-0C762492A8C7}.Release|Any CPU.Build.0 = Release|Any CPU
		{EFE2A257-6979-4067-99A7-0C762492A8C7}.Release|ARM64.ActiveCfg = Release|Any CPU
		{EFE2A257-6979-4067-99A7-0C762492A8C7}.Release|ARM64.Build.0 = Release|Any CPU
		{EFE2A257-6979-4067-99A7-0C762492A8C7}.Release|x64.ActiveCfg = Release|Any CPU
		{EFE2A257-6979-4067-99A7-0C762492A8C7}.Release|x64.Build.0 = Release|Any CPU
		{EFE2A257-6979-4067-99A7-0C762492A8C7}.Release|x86.ActiveCfg = Release|Any CPU
		{EFE2A257-6979-4067-99A7-0C762492A8C7}.Release|x86.Build.0 = Release|Any CPU
		{1BBB9184-2ECA-465A-A990-C15A6A60BA0F}.Debug|Any CPU.ActiveCfg = Debug|Any CPU
		{1BBB9184-2ECA-465A-A990-C15A6A60BA0F}.Debug|Any CPU.Build.0 = Debug|Any CPU
		{1BBB9184-2ECA-465A-A990-C15A6A60BA0F}.Debug|ARM64.ActiveCfg = Debug|Any CPU
		{1BBB9184-2ECA-465A-A990-C15A6A60BA0F}.Debug|ARM64.Build.0 = Debug|Any CPU
		{1BBB9184-2ECA-465A-A990-C15A6A60BA0F}.Debug|x64.ActiveCfg = Debug|Any CPU
		{1BBB9184-2ECA-465A-A990-C15A6A60BA0F}.Debug|x64.Build.0 = Debug|Any CPU
		{1BBB9184-2ECA-465A-A990-C15A6A60BA0F}.Debug|x86.ActiveCfg = Debug|Any CPU
		{1BBB9184-2ECA-465A-A990-C15A6A60BA0F}.Debug|x86.Build.0 = Debug|Any CPU
		{1BBB9184-2ECA-465A-A990-C15A6A60BA0F}.Release|Any CPU.ActiveCfg = Release|Any CPU
		{1BBB9184-2ECA-465A-A990-C15A6A60BA0F}.Release|Any CPU.Build.0 = Release|Any CPU
		{1BBB9184-2ECA-465A-A990-C15A6A60BA0F}.Release|ARM64.ActiveCfg = Release|Any CPU
		{1BBB9184-2ECA-465A-A990-C15A6A60BA0F}.Release|ARM64.Build.0 = Release|Any CPU
		{1BBB9184-2ECA-465A-A990-C15A6A60BA0F}.Release|x64.ActiveCfg = Release|Any CPU
		{1BBB9184-2ECA-465A-A990-C15A6A60BA0F}.Release|x64.Build.0 = Release|Any CPU
		{1BBB9184-2ECA-465A-A990-C15A6A60BA0F}.Release|x86.ActiveCfg = Release|Any CPU
		{1BBB9184-2ECA-465A-A990-C15A6A60BA0F}.Release|x86.Build.0 = Release|Any CPU
		{F15EA282-EE90-4F18-B1DB-DC9309CE0CA3}.Debug|Any CPU.ActiveCfg = Debug|Any CPU
		{F15EA282-EE90-4F18-B1DB-DC9309CE0CA3}.Debug|Any CPU.Build.0 = Debug|Any CPU
		{F15EA282-EE90-4F18-B1DB-DC9309CE0CA3}.Debug|ARM64.ActiveCfg = Debug|Any CPU
		{F15EA282-EE90-4F18-B1DB-DC9309CE0CA3}.Debug|ARM64.Build.0 = Debug|Any CPU
		{F15EA282-EE90-4F18-B1DB-DC9309CE0CA3}.Debug|x64.ActiveCfg = Debug|Any CPU
		{F15EA282-EE90-4F18-B1DB-DC9309CE0CA3}.Debug|x64.Build.0 = Debug|Any CPU
		{F15EA282-EE90-4F18-B1DB-DC9309CE0CA3}.Debug|x86.ActiveCfg = Debug|Any CPU
		{F15EA282-EE90-4F18-B1DB-DC9309CE0CA3}.Debug|x86.Build.0 = Debug|Any CPU
		{F15EA282-EE90-4F18-B1DB-DC9309CE0CA3}.Release|Any CPU.ActiveCfg = Release|Any CPU
		{F15EA282-EE90-4F18-B1DB-DC9309CE0CA3}.Release|Any CPU.Build.0 = Release|Any CPU
		{F15EA282-EE90-4F18-B1DB-DC9309CE0CA3}.Release|ARM64.ActiveCfg = Release|Any CPU
		{F15EA282-EE90-4F18-B1DB-DC9309CE0CA3}.Release|ARM64.Build.0 = Release|Any CPU
		{F15EA282-EE90-4F18-B1DB-DC9309CE0CA3}.Release|x64.ActiveCfg = Release|Any CPU
		{F15EA282-EE90-4F18-B1DB-DC9309CE0CA3}.Release|x64.Build.0 = Release|Any CPU
		{F15EA282-EE90-4F18-B1DB-DC9309CE0CA3}.Release|x86.ActiveCfg = Release|Any CPU
		{F15EA282-EE90-4F18-B1DB-DC9309CE0CA3}.Release|x86.Build.0 = Release|Any CPU
		{88ABCB98-3494-4B18-81B1-6C7A419DD369}.Debug|Any CPU.ActiveCfg = Debug|Any CPU
		{88ABCB98-3494-4B18-81B1-6C7A419DD369}.Debug|Any CPU.Build.0 = Debug|Any CPU
		{88ABCB98-3494-4B18-81B1-6C7A419DD369}.Debug|ARM64.ActiveCfg = Debug|Any CPU
		{88ABCB98-3494-4B18-81B1-6C7A419DD369}.Debug|ARM64.Build.0 = Debug|Any CPU
		{88ABCB98-3494-4B18-81B1-6C7A419DD369}.Debug|x64.ActiveCfg = Debug|Any CPU
		{88ABCB98-3494-4B18-81B1-6C7A419DD369}.Debug|x64.Build.0 = Debug|Any CPU
		{88ABCB98-3494-4B18-81B1-6C7A419DD369}.Debug|x86.ActiveCfg = Debug|Any CPU
		{88ABCB98-3494-4B18-81B1-6C7A419DD369}.Debug|x86.Build.0 = Debug|Any CPU
		{88ABCB98-3494-4B18-81B1-6C7A419DD369}.Release|Any CPU.ActiveCfg = Release|Any CPU
		{88ABCB98-3494-4B18-81B1-6C7A419DD369}.Release|Any CPU.Build.0 = Release|Any CPU
		{88ABCB98-3494-4B18-81B1-6C7A419DD369}.Release|ARM64.ActiveCfg = Release|Any CPU
		{88ABCB98-3494-4B18-81B1-6C7A419DD369}.Release|ARM64.Build.0 = Release|Any CPU
		{88ABCB98-3494-4B18-81B1-6C7A419DD369}.Release|x64.ActiveCfg = Release|Any CPU
		{88ABCB98-3494-4B18-81B1-6C7A419DD369}.Release|x64.Build.0 = Release|Any CPU
		{88ABCB98-3494-4B18-81B1-6C7A419DD369}.Release|x86.ActiveCfg = Release|Any CPU
		{88ABCB98-3494-4B18-81B1-6C7A419DD369}.Release|x86.Build.0 = Release|Any CPU
		{74C3F6B7-8333-49CE-8701-3CAB48CC1FEF}.Debug|Any CPU.ActiveCfg = Debug|Any CPU
		{74C3F6B7-8333-49CE-8701-3CAB48CC1FEF}.Debug|Any CPU.Build.0 = Debug|Any CPU
		{74C3F6B7-8333-49CE-8701-3CAB48CC1FEF}.Debug|ARM64.ActiveCfg = Debug|Any CPU
		{74C3F6B7-8333-49CE-8701-3CAB48CC1FEF}.Debug|ARM64.Build.0 = Debug|Any CPU
		{74C3F6B7-8333-49CE-8701-3CAB48CC1FEF}.Debug|x64.ActiveCfg = Debug|Any CPU
		{74C3F6B7-8333-49CE-8701-3CAB48CC1FEF}.Debug|x64.Build.0 = Debug|Any CPU
		{74C3F6B7-8333-49CE-8701-3CAB48CC1FEF}.Debug|x86.ActiveCfg = Debug|Any CPU
		{74C3F6B7-8333-49CE-8701-3CAB48CC1FEF}.Debug|x86.Build.0 = Debug|Any CPU
		{74C3F6B7-8333-49CE-8701-3CAB48CC1FEF}.Release|Any CPU.ActiveCfg = Release|Any CPU
		{74C3F6B7-8333-49CE-8701-3CAB48CC1FEF}.Release|Any CPU.Build.0 = Release|Any CPU
		{74C3F6B7-8333-49CE-8701-3CAB48CC1FEF}.Release|ARM64.ActiveCfg = Release|Any CPU
		{74C3F6B7-8333-49CE-8701-3CAB48CC1FEF}.Release|ARM64.Build.0 = Release|Any CPU
		{74C3F6B7-8333-49CE-8701-3CAB48CC1FEF}.Release|x64.ActiveCfg = Release|Any CPU
		{74C3F6B7-8333-49CE-8701-3CAB48CC1FEF}.Release|x64.Build.0 = Release|Any CPU
		{74C3F6B7-8333-49CE-8701-3CAB48CC1FEF}.Release|x86.ActiveCfg = Release|Any CPU
		{74C3F6B7-8333-49CE-8701-3CAB48CC1FEF}.Release|x86.Build.0 = Release|Any CPU
		{DB015689-4BF8-479C-9168-A93C6A76AE6C}.Debug|Any CPU.ActiveCfg = Debug|Any CPU
		{DB015689-4BF8-479C-9168-A93C6A76AE6C}.Debug|Any CPU.Build.0 = Debug|Any CPU
		{DB015689-4BF8-479C-9168-A93C6A76AE6C}.Debug|ARM64.ActiveCfg = Debug|Any CPU
		{DB015689-4BF8-479C-9168-A93C6A76AE6C}.Debug|ARM64.Build.0 = Debug|Any CPU
		{DB015689-4BF8-479C-9168-A93C6A76AE6C}.Debug|x64.ActiveCfg = Debug|Any CPU
		{DB015689-4BF8-479C-9168-A93C6A76AE6C}.Debug|x64.Build.0 = Debug|Any CPU
		{DB015689-4BF8-479C-9168-A93C6A76AE6C}.Debug|x86.ActiveCfg = Debug|Any CPU
		{DB015689-4BF8-479C-9168-A93C6A76AE6C}.Debug|x86.Build.0 = Debug|Any CPU
		{DB015689-4BF8-479C-9168-A93C6A76AE6C}.Release|Any CPU.ActiveCfg = Release|Any CPU
		{DB015689-4BF8-479C-9168-A93C6A76AE6C}.Release|Any CPU.Build.0 = Release|Any CPU
		{DB015689-4BF8-479C-9168-A93C6A76AE6C}.Release|ARM64.ActiveCfg = Release|Any CPU
		{DB015689-4BF8-479C-9168-A93C6A76AE6C}.Release|ARM64.Build.0 = Release|Any CPU
		{DB015689-4BF8-479C-9168-A93C6A76AE6C}.Release|x64.ActiveCfg = Release|Any CPU
		{DB015689-4BF8-479C-9168-A93C6A76AE6C}.Release|x64.Build.0 = Release|Any CPU
		{DB015689-4BF8-479C-9168-A93C6A76AE6C}.Release|x86.ActiveCfg = Release|Any CPU
		{DB015689-4BF8-479C-9168-A93C6A76AE6C}.Release|x86.Build.0 = Release|Any CPU
		{E2822B3F-B07D-4E41-9A39-41E23F8EC058}.Debug|Any CPU.ActiveCfg = Debug|Any CPU
		{E2822B3F-B07D-4E41-9A39-41E23F8EC058}.Debug|Any CPU.Build.0 = Debug|Any CPU
		{E2822B3F-B07D-4E41-9A39-41E23F8EC058}.Debug|ARM64.ActiveCfg = Debug|Any CPU
		{E2822B3F-B07D-4E41-9A39-41E23F8EC058}.Debug|ARM64.Build.0 = Debug|Any CPU
		{E2822B3F-B07D-4E41-9A39-41E23F8EC058}.Debug|x64.ActiveCfg = Debug|Any CPU
		{E2822B3F-B07D-4E41-9A39-41E23F8EC058}.Debug|x64.Build.0 = Debug|Any CPU
		{E2822B3F-B07D-4E41-9A39-41E23F8EC058}.Debug|x86.ActiveCfg = Debug|Any CPU
		{E2822B3F-B07D-4E41-9A39-41E23F8EC058}.Debug|x86.Build.0 = Debug|Any CPU
		{E2822B3F-B07D-4E41-9A39-41E23F8EC058}.Release|Any CPU.ActiveCfg = Release|Any CPU
		{E2822B3F-B07D-4E41-9A39-41E23F8EC058}.Release|Any CPU.Build.0 = Release|Any CPU
		{E2822B3F-B07D-4E41-9A39-41E23F8EC058}.Release|ARM64.ActiveCfg = Release|Any CPU
		{E2822B3F-B07D-4E41-9A39-41E23F8EC058}.Release|ARM64.Build.0 = Release|Any CPU
		{E2822B3F-B07D-4E41-9A39-41E23F8EC058}.Release|x64.ActiveCfg = Release|Any CPU
		{E2822B3F-B07D-4E41-9A39-41E23F8EC058}.Release|x64.Build.0 = Release|Any CPU
		{E2822B3F-B07D-4E41-9A39-41E23F8EC058}.Release|x86.ActiveCfg = Release|Any CPU
		{E2822B3F-B07D-4E41-9A39-41E23F8EC058}.Release|x86.Build.0 = Release|Any CPU
		{9C265FA2-1830-5978-A6EA-A9F5AD477F5A}.Debug|Any CPU.ActiveCfg = Debug|Any CPU
		{9C265FA2-1830-5978-A6EA-A9F5AD477F5A}.Debug|Any CPU.Build.0 = Debug|Any CPU
		{9C265FA2-1830-5978-A6EA-A9F5AD477F5A}.Debug|ARM64.ActiveCfg = Debug|Any CPU
		{9C265FA2-1830-5978-A6EA-A9F5AD477F5A}.Debug|ARM64.Build.0 = Debug|Any CPU
		{9C265FA2-1830-5978-A6EA-A9F5AD477F5A}.Debug|x64.ActiveCfg = Debug|Any CPU
		{9C265FA2-1830-5978-A6EA-A9F5AD477F5A}.Debug|x64.Build.0 = Debug|Any CPU
		{9C265FA2-1830-5978-A6EA-A9F5AD477F5A}.Debug|x86.ActiveCfg = Debug|Any CPU
		{9C265FA2-1830-5978-A6EA-A9F5AD477F5A}.Debug|x86.Build.0 = Debug|Any CPU
		{9C265FA2-1830-5978-A6EA-A9F5AD477F5A}.Release|Any CPU.ActiveCfg = Release|Any CPU
		{9C265FA2-1830-5978-A6EA-A9F5AD477F5A}.Release|Any CPU.Build.0 = Release|Any CPU
		{9C265FA2-1830-5978-A6EA-A9F5AD477F5A}.Release|ARM64.ActiveCfg = Release|Any CPU
		{9C265FA2-1830-5978-A6EA-A9F5AD477F5A}.Release|ARM64.Build.0 = Release|Any CPU
		{9C265FA2-1830-5978-A6EA-A9F5AD477F5A}.Release|x64.ActiveCfg = Release|Any CPU
		{9C265FA2-1830-5978-A6EA-A9F5AD477F5A}.Release|x64.Build.0 = Release|Any CPU
		{9C265FA2-1830-5978-A6EA-A9F5AD477F5A}.Release|x86.ActiveCfg = Release|Any CPU
		{9C265FA2-1830-5978-A6EA-A9F5AD477F5A}.Release|x86.Build.0 = Release|Any CPU
		{5D2A14E7-F870-4169-AB57-E708CF6F44D5}.Debug|Any CPU.ActiveCfg = Debug|Any CPU
		{5D2A14E7-F870-4169-AB57-E708CF6F44D5}.Debug|Any CPU.Build.0 = Debug|Any CPU
		{5D2A14E7-F870-4169-AB57-E708CF6F44D5}.Debug|ARM64.ActiveCfg = Debug|Any CPU
		{5D2A14E7-F870-4169-AB57-E708CF6F44D5}.Debug|ARM64.Build.0 = Debug|Any CPU
		{5D2A14E7-F870-4169-AB57-E708CF6F44D5}.Debug|x64.ActiveCfg = Debug|Any CPU
		{5D2A14E7-F870-4169-AB57-E708CF6F44D5}.Debug|x64.Build.0 = Debug|Any CPU
		{5D2A14E7-F870-4169-AB57-E708CF6F44D5}.Debug|x86.ActiveCfg = Debug|Any CPU
		{5D2A14E7-F870-4169-AB57-E708CF6F44D5}.Debug|x86.Build.0 = Debug|Any CPU
		{5D2A14E7-F870-4169-AB57-E708CF6F44D5}.Release|Any CPU.ActiveCfg = Release|Any CPU
		{5D2A14E7-F870-4169-AB57-E708CF6F44D5}.Release|Any CPU.Build.0 = Release|Any CPU
		{5D2A14E7-F870-4169-AB57-E708CF6F44D5}.Release|ARM64.ActiveCfg = Release|Any CPU
		{5D2A14E7-F870-4169-AB57-E708CF6F44D5}.Release|ARM64.Build.0 = Release|Any CPU
		{5D2A14E7-F870-4169-AB57-E708CF6F44D5}.Release|x64.ActiveCfg = Release|Any CPU
		{5D2A14E7-F870-4169-AB57-E708CF6F44D5}.Release|x64.Build.0 = Release|Any CPU
		{5D2A14E7-F870-4169-AB57-E708CF6F44D5}.Release|x86.ActiveCfg = Release|Any CPU
		{5D2A14E7-F870-4169-AB57-E708CF6F44D5}.Release|x86.Build.0 = Release|Any CPU
		{6F573335-3BB0-448C-B606-4895B2195EC1}.Debug|Any CPU.ActiveCfg = Debug|x64
		{6F573335-3BB0-448C-B606-4895B2195EC1}.Debug|Any CPU.Build.0 = Debug|x64
		{6F573335-3BB0-448C-B606-4895B2195EC1}.Debug|ARM64.ActiveCfg = Debug|ARM64
		{6F573335-3BB0-448C-B606-4895B2195EC1}.Debug|ARM64.Build.0 = Debug|ARM64
		{6F573335-3BB0-448C-B606-4895B2195EC1}.Debug|x64.ActiveCfg = Debug|x64
		{6F573335-3BB0-448C-B606-4895B2195EC1}.Debug|x64.Build.0 = Debug|x64
		{6F573335-3BB0-448C-B606-4895B2195EC1}.Debug|x86.ActiveCfg = Debug|x86
		{6F573335-3BB0-448C-B606-4895B2195EC1}.Debug|x86.Build.0 = Debug|x86
		{6F573335-3BB0-448C-B606-4895B2195EC1}.Release|Any CPU.ActiveCfg = Release|x64
		{6F573335-3BB0-448C-B606-4895B2195EC1}.Release|Any CPU.Build.0 = Release|x64
		{6F573335-3BB0-448C-B606-4895B2195EC1}.Release|ARM64.ActiveCfg = Release|ARM64
		{6F573335-3BB0-448C-B606-4895B2195EC1}.Release|ARM64.Build.0 = Release|ARM64
		{6F573335-3BB0-448C-B606-4895B2195EC1}.Release|x64.ActiveCfg = Release|x64
		{6F573335-3BB0-448C-B606-4895B2195EC1}.Release|x64.Build.0 = Release|x64
		{6F573335-3BB0-448C-B606-4895B2195EC1}.Release|x86.ActiveCfg = Release|x86
		{6F573335-3BB0-448C-B606-4895B2195EC1}.Release|x86.Build.0 = Release|x86
	EndGlobalSection
	GlobalSection(SolutionProperties) = preSolution
		HideSolutionNode = FALSE
	EndGlobalSection
	GlobalSection(NestedProjects) = preSolution
		{C92998B2-2E21-4DA8-A73D-ADE970C87F25} = {49E13F75-3D64-4529-B0AA-55DFE69795FB}
		{1BBB9184-2ECA-465A-A990-C15A6A60BA0F} = {ECE2017E-843D-40C8-BAA4-DC0B5BAE0CAB}
		{F15EA282-EE90-4F18-B1DB-DC9309CE0CA3} = {ECE2017E-843D-40C8-BAA4-DC0B5BAE0CAB}
		{88ABCB98-3494-4B18-81B1-6C7A419DD369} = {ECE2017E-843D-40C8-BAA4-DC0B5BAE0CAB}
		{74C3F6B7-8333-49CE-8701-3CAB48CC1FEF} = {CDF25995-93DB-430F-9DA8-D77778CD8439}
		{DB015689-4BF8-479C-9168-A93C6A76AE6C} = {CDF25995-93DB-430F-9DA8-D77778CD8439}
		{E2822B3F-B07D-4E41-9A39-41E23F8EC058} = {CDF25995-93DB-430F-9DA8-D77778CD8439}
		{9C265FA2-1830-5978-A6EA-A9F5AD477F5A} = {ECE2017E-843D-40C8-BAA4-DC0B5BAE0CAB}
		{5D2A14E7-F870-4169-AB57-E708CF6F44D5} = {CDF25995-93DB-430F-9DA8-D77778CD8439}
	EndGlobalSection
	GlobalSection(ExtensibilityGlobals) = postSolution
		SolutionGuid = {3D14D3DA-D261-4E05-A448-4AACF57F15D5}
	EndGlobalSection
EndGlobal
