
Microsoft Visual Studio Solution File, Format Version 12.00
# Visual Studio Version 17
VisualStudioVersion = 17.4.33015.44
MinimumVisualStudioVersion = 10.0.40219.1
Project("{9A19103F-16F7-4668-BE54-9A1E7A4F7556}") = "FancyMouse", "FancyMouse\FancyMouse.csproj", "{EFE2A257-6979-4067-99A7-0C762492A8C7}"
EndProject
Project("{9A19103F-16F7-4668-BE54-9A1E7A4F7556}") = "FancyMouse.WindowsHotKeys", "FancyMouse.WindowsHotKeys\FancyMouse.WindowsHotKeys.csproj", "{E050CB83-ED43-4576-B388-DA91AACEE09C}"
EndProject
Project("{9A19103F-16F7-4668-BE54-9A1E7A4F7556}") = "FancyMouse.WindowsHotKeys.Tests", "FancyMouse.WindowsHotKeys.Tests\FancyMouse.WindowsHotKeys.Tests.csproj", "{B1E0AB75-3E85-4BD3-AC65-3E2F6DC90AF9}"
EndProject
Project("{9A19103F-16F7-4668-BE54-9A1E7A4F7556}") = "FancyMouse.Tests", "FancyMouse.Tests\FancyMouse.Tests.csproj", "{9A9E15AF-3E85-4F20-AA23-A14ACA4805B5}"
EndProject
Project("{2150E333-8FDC-42A3-9474-1A3956D46DE8}") = ".github", ".github", "{49E13F75-3D64-4529-B0AA-55DFE69795FB}"
EndProject
Project("{2150E333-8FDC-42A3-9474-1A3956D46DE8}") = "workflows", "workflows", "{C92998B2-2E21-4DA8-A73D-ADE970C87F25}"
	ProjectSection(SolutionItems) = preProject
		..\.github\workflows\01_build_test_publish.yaml = ..\.github\workflows\01_build_test_publish.yaml
		..\.github\workflows\02_codeql.yaml = ..\.github\workflows\02_codeql.yaml
	EndProjectSection
EndProject
Project("{9A19103F-16F7-4668-BE54-9A1E7A4F7556}") = "FancyMouse.PerfTests", "FancyMouse.PerfTests\FancyMouse.PerfTests.csproj", "{B8FD289B-6C40-4F48-BE9F-FF876B19665C}"
EndProject
Global
	GlobalSection(SolutionConfigurationPlatforms) = preSolution
		Debug|Any CPU = Debug|Any CPU
		Debug|x64 = Debug|x64
		Release|Any CPU = Release|Any CPU
		Release|x64 = Release|x64
	EndGlobalSection
	GlobalSection(ProjectConfigurationPlatforms) = postSolution
		{EFE2A257-6979-4067-99A7-0C762492A8C7}.Debug|Any CPU.ActiveCfg = Debug|x64
		{EFE2A257-6979-4067-99A7-0C762492A8C7}.Debug|Any CPU.Build.0 = Debug|x64
		{EFE2A257-6979-4067-99A7-0C762492A8C7}.Debug|x64.ActiveCfg = Debug|x64
		{EFE2A257-6979-4067-99A7-0C762492A8C7}.Debug|x64.Build.0 = Debug|x64
		{EFE2A257-6979-4067-99A7-0C762492A8C7}.Release|Any CPU.ActiveCfg = Release|Any CPU
		{EFE2A257-6979-4067-99A7-0C762492A8C7}.Release|Any CPU.Build.0 = Release|Any CPU
		{EFE2A257-6979-4067-99A7-0C762492A8C7}.Release|x64.ActiveCfg = Release|Any CPU
		{EFE2A257-6979-4067-99A7-0C762492A8C7}.Release|x64.Build.0 = Release|Any CPU
		{E050CB83-ED43-4576-B388-DA91AACEE09C}.Debug|Any CPU.ActiveCfg = Debug|x64
		{E050CB83-ED43-4576-B388-DA91AACEE09C}.Debug|Any CPU.Build.0 = Debug|x64
		{E050CB83-ED43-4576-B388-DA91AACEE09C}.Debug|x64.ActiveCfg = Debug|x64
		{E050CB83-ED43-4576-B388-DA91AACEE09C}.Debug|x64.Build.0 = Debug|x64
		{E050CB83-ED43-4576-B388-DA91AACEE09C}.Release|Any CPU.ActiveCfg = Release|Any CPU
		{E050CB83-ED43-4576-B388-DA91AACEE09C}.Release|Any CPU.Build.0 = Release|Any CPU
		{E050CB83-ED43-4576-B388-DA91AACEE09C}.Release|x64.ActiveCfg = Release|Any CPU
		{E050CB83-ED43-4576-B388-DA91AACEE09C}.Release|x64.Build.0 = Release|Any CPU
		{B1E0AB75-3E85-4BD3-AC65-3E2F6DC90AF9}.Debug|Any CPU.ActiveCfg = Debug|x64
		{B1E0AB75-3E85-4BD3-AC65-3E2F6DC90AF9}.Debug|Any CPU.Build.0 = Debug|x64
		{B1E0AB75-3E85-4BD3-AC65-3E2F6DC90AF9}.Debug|x64.ActiveCfg = Debug|x64
		{B1E0AB75-3E85-4BD3-AC65-3E2F6DC90AF9}.Debug|x64.Build.0 = Debug|x64
		{B1E0AB75-3E85-4BD3-AC65-3E2F6DC90AF9}.Release|Any CPU.ActiveCfg = Release|Any CPU
		{B1E0AB75-3E85-4BD3-AC65-3E2F6DC90AF9}.Release|Any CPU.Build.0 = Release|Any CPU
		{B1E0AB75-3E85-4BD3-AC65-3E2F6DC90AF9}.Release|x64.ActiveCfg = Release|Any CPU
		{B1E0AB75-3E85-4BD3-AC65-3E2F6DC90AF9}.Release|x64.Build.0 = Release|Any CPU
		{9A9E15AF-3E85-4F20-AA23-A14ACA4805B5}.Debug|Any CPU.ActiveCfg = Debug|x64
		{9A9E15AF-3E85-4F20-AA23-A14ACA4805B5}.Debug|Any CPU.Build.0 = Debug|x64
		{9A9E15AF-3E85-4F20-AA23-A14ACA4805B5}.Debug|x64.ActiveCfg = Debug|x64
		{9A9E15AF-3E85-4F20-AA23-A14ACA4805B5}.Debug|x64.Build.0 = Debug|x64
		{9A9E15AF-3E85-4F20-AA23-A14ACA4805B5}.Release|Any CPU.ActiveCfg = Release|Any CPU
		{9A9E15AF-3E85-4F20-AA23-A14ACA4805B5}.Release|Any CPU.Build.0 = Release|Any CPU
		{9A9E15AF-3E85-4F20-AA23-A14ACA4805B5}.Release|x64.ActiveCfg = Release|Any CPU
		{9A9E15AF-3E85-4F20-AA23-A14ACA4805B5}.Release|x64.Build.0 = Release|Any CPU
		{B8FD289B-6C40-4F48-BE9F-FF876B19665C}.Debug|Any CPU.ActiveCfg = Debug|x64
		{B8FD289B-6C40-4F48-BE9F-FF876B19665C}.Debug|Any CPU.Build.0 = Debug|x64
		{B8FD289B-6C40-4F48-BE9F-FF876B19665C}.Debug|x64.ActiveCfg = Debug|x64
		{B8FD289B-6C40-4F48-BE9F-FF876B19665C}.Debug|x64.Build.0 = Debug|x64
		{B8FD289B-6C40-4F48-BE9F-FF876B19665C}.Release|Any CPU.ActiveCfg = Release|Any CPU
		{B8FD289B-6C40-4F48-BE9F-FF876B19665C}.Release|Any CPU.Build.0 = Release|Any CPU
		{B8FD289B-6C40-4F48-BE9F-FF876B19665C}.Release|x64.ActiveCfg = Release|x64
		{B8FD289B-6C40-4F48-BE9F-FF876B19665C}.Release|x64.Build.0 = Release|x64
	EndGlobalSection
	GlobalSection(SolutionProperties) = preSolution
		HideSolutionNode = FALSE
	EndGlobalSection
	GlobalSection(NestedProjects) = preSolution
		{C92998B2-2E21-4DA8-A73D-ADE970C87F25} = {49E13F75-3D64-4529-B0AA-55DFE69795FB}
	EndGlobalSection
	GlobalSection(ExtensibilityGlobals) = postSolution
		SolutionGuid = {3D14D3DA-D261-4E05-A448-4AACF57F15D5}
	EndGlobalSection
EndGlobal
